
Microsoft Visual Studio Solution File, Format Version 12.00
# Visual Studio Version 17
VisualStudioVersion = 17.11.35219.272
MinimumVisualStudioVersion = 10.0.40219.1
Project("{FAE04EC0-301F-11D3-BF4B-00C04F79EFBC}") = "ProjetoMOAB", "ProjetoMOAB\ProjetoMOAB.csproj", "{09B1CA35-0F66-4B58-8FFC-2E8EECA2F295}"
EndProject
Global
	GlobalSection(SolutionConfigurationPlatforms) = preSolution
		Debug|Any CPU = Debug|Any CPU
		Release|Any CPU = Release|Any CPU
	EndGlobalSection
	GlobalSection(ProjectConfigurationPlatforms) = postSolution
		{09B1CA35-0F66-4B58-8FFC-2E8EECA2F295}.Debug|Any CPU.ActiveCfg = Debug|Any CPU
		{09B1CA35-0F66-4B58-8FFC-2E8EECA2F295}.Debug|Any CPU.Build.0 = Debug|Any CPU
		{09B1CA35-0F66-4B58-8FFC-2E8EECA2F295}.Release|Any CPU.ActiveCfg = Release|Any CPU
		{09B1CA35-0F66-4B58-8FFC-2E8EECA2F295}.Release|Any CPU.Build.0 = Release|Any CPU
	EndGlobalSection
	GlobalSection(SolutionProperties) = preSolution
		HideSolutionNode = FALSE
	EndGlobalSection
	GlobalSection(ExtensibilityGlobals) = postSolution
		SolutionGuid = {AFF9F867-6BDB-4DC1-A5B0-B9116C5C3050}
	EndGlobalSection
EndGlobal
